// !$*UTF8*$!
{
	archiveVersion = 1;
	classes = {
	};
	objectVersion = 56;
	objects = {

/* Begin PBXBuildFile section */
		84E8920A2990DC830097E222 /* AppDelegate.swift in Sources */ = {isa = PBXBuildFile; fileRef = 84E892092990DC830097E222 /* AppDelegate.swift */; };
		84E8920C2990DC830097E222 /* SceneDelegate.swift in Sources */ = {isa = PBXBuildFile; fileRef = 84E8920B2990DC830097E222 /* SceneDelegate.swift */; };
		84E8920E2990DC830097E222 /* ViewController.swift in Sources */ = {isa = PBXBuildFile; fileRef = 84E8920D2990DC830097E222 /* ViewController.swift */; };
		84E892112990DC830097E222 /* Main.storyboard in Resources */ = {isa = PBXBuildFile; fileRef = 84E8920F2990DC830097E222 /* Main.storyboard */; };
		84E892132990DC840097E222 /* Assets.xcassets in Resources */ = {isa = PBXBuildFile; fileRef = 84E892122990DC840097E222 /* Assets.xcassets */; };
		84E892162990DC840097E222 /* LaunchScreen.storyboard in Resources */ = {isa = PBXBuildFile; fileRef = 84E892142990DC840097E222 /* LaunchScreen.storyboard */; };
		84E892212990DC840097E222 /* video_playerTests.swift in Sources */ = {isa = PBXBuildFile; fileRef = 84E892202990DC840097E222 /* video_playerTests.swift */; };
		84E8922B2990DC840097E222 /* video_playerUITests.swift in Sources */ = {isa = PBXBuildFile; fileRef = 84E8922A2990DC840097E222 /* video_playerUITests.swift */; };
		84E8922D2990DC840097E222 /* video_playerUITestsLaunchTests.swift in Sources */ = {isa = PBXBuildFile; fileRef = 84E8922C2990DC840097E222 /* video_playerUITestsLaunchTests.swift */; };
		84E8923A2990DE850097E222 /* main.storyboard in Resources */ = {isa = PBXBuildFile; fileRef = 84E892392990DE850097E222 /* main.storyboard */; };
/* End PBXBuildFile section */

/* Begin PBXContainerItemProxy section */
		84E8921D2990DC840097E222 /* PBXContainerItemProxy */ = {
			isa = PBXContainerItemProxy;
			containerPortal = 84E891FE2990DC830097E222 /* Project object */;
			proxyType = 1;
			remoteGlobalIDString = 84E892052990DC830097E222;
			remoteInfo = video_player;
		};
		84E892272990DC840097E222 /* PBXContainerItemProxy */ = {
			isa = PBXContainerItemProxy;
			containerPortal = 84E891FE2990DC830097E222 /* Project object */;
			proxyType = 1;
			remoteGlobalIDString = 84E892052990DC830097E222;
			remoteInfo = video_player;
		};
/* End PBXContainerItemProxy section */

/* Begin PBXFileReference section */
		84E892062990DC830097E222 /* video_player.app */ = {isa = PBXFileReference; explicitFileType = wrapper.application; includeInIndex = 0; path = video_player.app; sourceTree = BUILT_PRODUCTS_DIR; };
		84E892092990DC830097E222 /* AppDelegate.swift */ = {isa = PBXFileReference; lastKnownFileType = sourcecode.swift; path = AppDelegate.swift; sourceTree = "<group>"; };
		84E8920B2990DC830097E222 /* SceneDelegate.swift */ = {isa = PBXFileReference; lastKnownFileType = sourcecode.swift; path = SceneDelegate.swift; sourceTree = "<group>"; };
		84E8920D2990DC830097E222 /* ViewController.swift */ = {isa = PBXFileReference; lastKnownFileType = sourcecode.swift; path = ViewController.swift; sourceTree = "<group>"; };
		84E892102990DC830097E222 /* Base */ = {isa = PBXFileReference; lastKnownFileType = file.storyboard; name = Base; path = Base.lproj/Main.storyboard; sourceTree = "<group>"; };
		84E892122990DC840097E222 /* Assets.xcassets */ = {isa = PBXFileReference; lastKnownFileType = folder.assetcatalog; path = Assets.xcassets; sourceTree = "<group>"; };
		84E892152990DC840097E222 /* Base */ = {isa = PBXFileReference; lastKnownFileType = file.storyboard; name = Base; path = Base.lproj/LaunchScreen.storyboard; sourceTree = "<group>"; };
		84E892172990DC840097E222 /* Info.plist */ = {isa = PBXFileReference; lastKnownFileType = text.plist.xml; path = Info.plist; sourceTree = "<group>"; };
		84E8921C2990DC840097E222 /* video_playerTests.xctest */ = {isa = PBXFileReference; explicitFileType = wrapper.cfbundle; includeInIndex = 0; path = video_playerTests.xctest; sourceTree = BUILT_PRODUCTS_DIR; };
		84E892202990DC840097E222 /* video_playerTests.swift */ = {isa = PBXFileReference; lastKnownFileType = sourcecode.swift; path = video_playerTests.swift; sourceTree = "<group>"; };
		84E892262990DC840097E222 /* video_playerUITests.xctest */ = {isa = PBXFileReference; explicitFileType = wrapper.cfbundle; includeInIndex = 0; path = video_playerUITests.xctest; sourceTree = BUILT_PRODUCTS_DIR; };
		84E8922A2990DC840097E222 /* video_playerUITests.swift */ = {isa = PBXFileReference; lastKnownFileType = sourcecode.swift; path = video_playerUITests.swift; sourceTree = "<group>"; };
		84E8922C2990DC840097E222 /* video_playerUITestsLaunchTests.swift */ = {isa = PBXFileReference; lastKnownFileType = sourcecode.swift; path = video_playerUITestsLaunchTests.swift; sourceTree = "<group>"; };
		84E892392990DE850097E222 /* main.storyboard */ = {isa = PBXFileReference; lastKnownFileType = file.storyboard; path = main.storyboard; sourceTree = "<group>"; };
/* End PBXFileReference section */

/* Begin PBXFrameworksBuildPhase section */
		84E892032990DC830097E222 /* Frameworks */ = {
			isa = PBXFrameworksBuildPhase;
			buildActionMask = 2147483647;
			files = (
			);
			runOnlyForDeploymentPostprocessing = 0;
		};
		84E892192990DC840097E222 /* Frameworks */ = {
			isa = PBXFrameworksBuildPhase;
			buildActionMask = 2147483647;
			files = (
			);
			runOnlyForDeploymentPostprocessing = 0;
		};
		84E892232990DC840097E222 /* Frameworks */ = {
			isa = PBXFrameworksBuildPhase;
			buildActionMask = 2147483647;
			files = (
			);
			runOnlyForDeploymentPostprocessing = 0;
		};
/* End PBXFrameworksBuildPhase section */

/* Begin PBXGroup section */
		84E891FD2990DC830097E222 = {
			isa = PBXGroup;
			children = (
				84E892082990DC830097E222 /* video_player */,
				84E8921F2990DC840097E222 /* video_playerTests */,
				84E892292990DC840097E222 /* video_playerUITests */,
				84E892072990DC830097E222 /* Products */,
			);
			sourceTree = "<group>";
		};
		84E892072990DC830097E222 /* Products */ = {
			isa = PBXGroup;
			children = (
				84E892062990DC830097E222 /* video_player.app */,
				84E8921C2990DC840097E222 /* video_playerTests.xctest */,
				84E892262990DC840097E222 /* video_playerUITests.xctest */,
			);
			name = Products;
			sourceTree = "<group>";
		};
		84E892082990DC830097E222 /* video_player */ = {
			isa = PBXGroup;
			children = (
				84E892092990DC830097E222 /* AppDelegate.swift */,
				84E8920B2990DC830097E222 /* SceneDelegate.swift */,
				84E8920D2990DC830097E222 /* ViewController.swift */,
				84E8920F2990DC830097E222 /* Main.storyboard */,
				84E892122990DC840097E222 /* Assets.xcassets */,
				84E892142990DC840097E222 /* LaunchScreen.storyboard */,
				84E892172990DC840097E222 /* Info.plist */,
				84E892392990DE850097E222 /* main.storyboard */,
			);
			path = video_player;
			sourceTree = "<group>";
		};
		84E8921F2990DC840097E222 /* video_playerTests */ = {
			isa = PBXGroup;
			children = (
				84E892202990DC840097E222 /* video_playerTests.swift */,
			);
			path = video_playerTests;
			sourceTree = "<group>";
		};
		84E892292990DC840097E222 /* video_playerUITests */ = {
			isa = PBXGroup;
			children = (
				84E8922A2990DC840097E222 /* video_playerUITests.swift */,
				84E8922C2990DC840097E222 /* video_playerUITestsLaunchTests.swift */,
			);
			path = video_playerUITests;
			sourceTree = "<group>";
		};
/* End PBXGroup section */

/* Begin PBXNativeTarget section */
		84E892052990DC830097E222 /* video_player */ = {
			isa = PBXNativeTarget;
			buildConfigurationList = 84E892302990DC840097E222 /* Build configuration list for PBXNativeTarget "video_player" */;
			buildPhases = (
				84E892022990DC830097E222 /* Sources */,
				84E892032990DC830097E222 /* Frameworks */,
				84E892042990DC830097E222 /* Resources */,
			);
			buildRules = (
			);
			dependencies = (
			);
			name = video_player;
			productName = video_player;
			productReference = 84E892062990DC830097E222 /* video_player.app */;
			productType = "com.apple.product-type.application";
		};
		84E8921B2990DC840097E222 /* video_playerTests */ = {
			isa = PBXNativeTarget;
			buildConfigurationList = 84E892332990DC840097E222 /* Build configuration list for PBXNativeTarget "video_playerTests" */;
			buildPhases = (
				84E892182990DC840097E222 /* Sources */,
				84E892192990DC840097E222 /* Frameworks */,
				84E8921A2990DC840097E222 /* Resources */,
			);
			buildRules = (
			);
			dependencies = (
				84E8921E2990DC840097E222 /* PBXTargetDependency */,
			);
			name = video_playerTests;
			productName = video_playerTests;
			productReference = 84E8921C2990DC840097E222 /* video_playerTests.xctest */;
			productType = "com.apple.product-type.bundle.unit-test";
		};
		84E892252990DC840097E222 /* video_playerUITests */ = {
			isa = PBXNativeTarget;
			buildConfigurationList = 84E892362990DC840097E222 /* Build configuration list for PBXNativeTarget "video_playerUITests" */;
			buildPhases = (
				84E892222990DC840097E222 /* Sources */,
				84E892232990DC840097E222 /* Frameworks */,
				84E892242990DC840097E222 /* Resources */,
			);
			buildRules = (
			);
			dependencies = (
				84E892282990DC840097E222 /* PBXTargetDependency */,
			);
			name = video_playerUITests;
			productName = video_playerUITests;
			productReference = 84E892262990DC840097E222 /* video_playerUITests.xctest */;
			productType = "com.apple.product-type.bundle.ui-testing";
		};
/* End PBXNativeTarget section */

/* Begin PBXProject section */
		84E891FE2990DC830097E222 /* Project object */ = {
			isa = PBXProject;
			attributes = {
				BuildIndependentTargetsInParallel = 1;
				LastSwiftUpdateCheck = 1410;
				LastUpgradeCheck = 1410;
				TargetAttributes = {
					84E892052990DC830097E222 = {
						CreatedOnToolsVersion = 14.1;
					};
					84E8921B2990DC840097E222 = {
						CreatedOnToolsVersion = 14.1;
						TestTargetID = 84E892052990DC830097E222;
					};
					84E892252990DC840097E222 = {
						CreatedOnToolsVersion = 14.1;
						TestTargetID = 84E892052990DC830097E222;
					};
				};
			};
			buildConfigurationList = 84E892012990DC830097E222 /* Build configuration list for PBXProject "video_player" */;
			compatibilityVersion = "Xcode 14.0";
			developmentRegion = en;
			hasScannedForEncodings = 0;
			knownRegions = (
				en,
				Base,
			);
			mainGroup = 84E891FD2990DC830097E222;
			productRefGroup = 84E892072990DC830097E222 /* Products */;
			projectDirPath = "";
			projectRoot = "";
			targets = (
				84E892052990DC830097E222 /* video_player */,
				84E8921B2990DC840097E222 /* video_playerTests */,
				84E892252990DC840097E222 /* video_playerUITests */,
			);
		};
/* End PBXProject section */

/* Begin PBXResourcesBuildPhase section */
		84E892042990DC830097E222 /* Resources */ = {
			isa = PBXResourcesBuildPhase;
			buildActionMask = 2147483647;
			files = (
				84E892162990DC840097E222 /* LaunchScreen.storyboard in Resources */,
				84E892132990DC840097E222 /* Assets.xcassets in Resources */,
				84E892112990DC830097E222 /* Main.storyboard in Resources */,
				84E8923A2990DE850097E222 /* main.storyboard in Resources */,
			);
			runOnlyForDeploymentPostprocessing = 0;
		};
		84E8921A2990DC840097E222 /* Resources */ = {
			isa = PBXResourcesBuildPhase;
			buildActionMask = 2147483647;
			files = (
			);
			runOnlyForDeploymentPostprocessing = 0;
		};
		84E892242990DC840097E222 /* Resources */ = {
			isa = PBXResourcesBuildPhase;
			buildActionMask = 2147483647;
			files = (
			);
			runOnlyForDeploymentPostprocessing = 0;
		};
/* End PBXResourcesBuildPhase section */

/* Begin PBXSourcesBuildPhase section */
		84E892022990DC830097E222 /* Sources */ = {
			isa = PBXSourcesBuildPhase;
			buildActionMask = 2147483647;
			files = (
				84E8920E2990DC830097E222 /* ViewController.swift in Sources */,
				84E8920A2990DC830097E222 /* AppDelegate.swift in Sources */,
				84E8920C2990DC830097E222 /* SceneDelegate.swift in Sources */,
			);
			runOnlyForDeploymentPostprocessing = 0;
		};
		84E892182990DC840097E222 /* Sources */ = {
			isa = PBXSourcesBuildPhase;
			buildActionMask = 2147483647;
			files = (
				84E892212990DC840097E222 /* video_playerTests.swift in Sources */,
			);
			runOnlyForDeploymentPostprocessing = 0;
		};
		84E892222990DC840097E222 /* Sources */ = {
			isa = PBXSourcesBuildPhase;
			buildActionMask = 2147483647;
			files = (
				84E8922B2990DC840097E222 /* video_playerUITests.swift in Sources */,
				84E8922D2990DC840097E222 /* video_playerUITestsLaunchTests.swift in Sources */,
			);
			runOnlyForDeploymentPostprocessing = 0;
		};
/* End PBXSourcesBuildPhase section */

/* Begin PBXTargetDependency section */
		84E8921E2990DC840097E222 /* PBXTargetDependency */ = {
			isa = PBXTargetDependency;
			target = 84E892052990DC830097E222 /* video_player */;
			targetProxy = 84E8921D2990DC840097E222 /* PBXContainerItemProxy */;
		};
		84E892282990DC840097E222 /* PBXTargetDependency */ = {
			isa = PBXTargetDependency;
			target = 84E892052990DC830097E222 /* video_player */;
			targetProxy = 84E892272990DC840097E222 /* PBXContainerItemProxy */;
		};
/* End PBXTargetDependency section */

/* Begin PBXVariantGroup section */
		84E8920F2990DC830097E222 /* Main.storyboard */ = {
			isa = PBXVariantGroup;
			children = (
				84E892102990DC830097E222 /* Base */,
			);
			name = Main.storyboard;
			sourceTree = "<group>";
		};
		84E892142990DC840097E222 /* LaunchScreen.storyboard */ = {
			isa = PBXVariantGroup;
			children = (
				84E892152990DC840097E222 /* Base */,
			);
			name = LaunchScreen.storyboard;
			sourceTree = "<group>";
		};
/* End PBXVariantGroup section */

/* Begin XCBuildConfiguration section */
		84E8922E2990DC840097E222 /* Debug */ = {
			isa = XCBuildConfiguration;
			buildSettings = {
				ALWAYS_SEARCH_USER_PATHS = NO;
				CLANG_ANALYZER_NONNULL = YES;
				CLANG_ANALYZER_NUMBER_OBJECT_CONVERSION = YES_AGGRESSIVE;
				CLANG_CXX_LANGUAGE_STANDARD = "gnu++20";
				CLANG_ENABLE_MODULES = YES;
				CLANG_ENABLE_OBJC_ARC = YES;
				CLANG_ENABLE_OBJC_WEAK = YES;
				CLANG_WARN_BLOCK_CAPTURE_AUTORELEASING = YES;
				CLANG_WARN_BOOL_CONVERSION = YES;
				CLANG_WARN_COMMA = YES;
				CLANG_WARN_CONSTANT_CONVERSION = YES;
				CLANG_WARN_DEPRECATED_OBJC_IMPLEMENTATIONS = YES;
				CLANG_WARN_DIRECT_OBJC_ISA_USAGE = YES_ERROR;
				CLANG_WARN_DOCUMENTATION_COMMENTS = YES;
				CLANG_WARN_EMPTY_BODY = YES;
				CLANG_WARN_ENUM_CONVERSION = YES;
				CLANG_WARN_INFINITE_RECURSION = YES;
				CLANG_WARN_INT_CONVERSION = YES;
				CLANG_WARN_NON_LITERAL_NULL_CONVERSION = YES;
				CLANG_WARN_OBJC_IMPLICIT_RETAIN_SELF = YES;
				CLANG_WARN_OBJC_LITERAL_CONVERSION = YES;
				CLANG_WARN_OBJC_ROOT_CLASS = YES_ERROR;
				CLANG_WARN_QUOTED_INCLUDE_IN_FRAMEWORK_HEADER = YES;
				CLANG_WARN_RANGE_LOOP_ANALYSIS = YES;
				CLANG_WARN_STRICT_PROTOTYPES = YES;
				CLANG_WARN_SUSPICIOUS_MOVE = YES;
				CLANG_WARN_UNGUARDED_AVAILABILITY = YES_AGGRESSIVE;
				CLANG_WARN_UNREACHABLE_CODE = YES;
				CLANG_WARN__DUPLICATE_METHOD_MATCH = YES;
				COPY_PHASE_STRIP = NO;
				DEBUG_INFORMATION_FORMAT = dwarf;
				ENABLE_STRICT_OBJC_MSGSEND = YES;
				ENABLE_TESTABILITY = YES;
				GCC_C_LANGUAGE_STANDARD = gnu11;
				GCC_DYNAMIC_NO_PIC = NO;
				GCC_NO_COMMON_BLOCKS = YES;
				GCC_OPTIMIZATION_LEVEL = 0;
				GCC_PREPROCESSOR_DEFINITIONS = (
					"DEBUG=1",
					"$(inherited)",
				);
				GCC_WARN_64_TO_32_BIT_CONVERSION = YES;
				GCC_WARN_ABOUT_RETURN_TYPE = YES_ERROR;
				GCC_WARN_UNDECLARED_SELECTOR = YES;
				GCC_WARN_UNINITIALIZED_AUTOS = YES_AGGRESSIVE;
				GCC_WARN_UNUSED_FUNCTION = YES;
				GCC_WARN_UNUSED_VARIABLE = YES;
				IPHONEOS_DEPLOYMENT_TARGET = 16.1;
				MTL_ENABLE_DEBUG_INFO = INCLUDE_SOURCE;
				MTL_FAST_MATH = YES;
				ONLY_ACTIVE_ARCH = YES;
				SDKROOT = iphoneos;
				SWIFT_ACTIVE_COMPILATION_CONDITIONS = DEBUG;
				SWIFT_OPTIMIZATION_LEVEL = "-Onone";
			};
			name = Debug;
		};
		84E8922F2990DC840097E222 /* Release */ = {
			isa = XCBuildConfiguration;
			buildSettings = {
				ALWAYS_SEARCH_USER_PATHS = NO;
				CLANG_ANALYZER_NONNULL = YES;
				CLANG_ANALYZER_NUMBER_OBJECT_CONVERSION = YES_AGGRESSIVE;
				CLANG_CXX_LANGUAGE_STANDARD = "gnu++20";
				CLANG_ENABLE_MODULES = YES;
				CLANG_ENABLE_OBJC_ARC = YES;
				CLANG_ENABLE_OBJC_WEAK = YES;
				CLANG_WARN_BLOCK_CAPTURE_AUTORELEASING = YES;
				CLANG_WARN_BOOL_CONVERSION = YES;
				CLANG_WARN_COMMA = YES;
				CLANG_WARN_CONSTANT_CONVERSION = YES;
				CLANG_WARN_DEPRECATED_OBJC_IMPLEMENTATIONS = YES;
				CLANG_WARN_DIRECT_OBJC_ISA_USAGE = YES_ERROR;
				CLANG_WARN_DOCUMENTATION_COMMENTS = YES;
				CLANG_WARN_EMPTY_BODY = YES;
				CLANG_WARN_ENUM_CONVERSION = YES;
				CLANG_WARN_INFINITE_RECURSION = YES;
				CLANG_WARN_INT_CONVERSION = YES;
				CLANG_WARN_NON_LITERAL_NULL_CONVERSION = YES;
				CLANG_WARN_OBJC_IMPLICIT_RETAIN_SELF = YES;
				CLANG_WARN_OBJC_LITERAL_CONVERSION = YES;
				CLANG_WARN_OBJC_ROOT_CLASS = YES_ERROR;
				CLANG_WARN_QUOTED_INCLUDE_IN_FRAMEWORK_HEADER = YES;
				CLANG_WARN_RANGE_LOOP_ANALYSIS = YES;
				CLANG_WARN_STRICT_PROTOTYPES = YES;
				CLANG_WARN_SUSPICIOUS_MOVE = YES;
				CLANG_WARN_UNGUARDED_AVAILABILITY = YES_AGGRESSIVE;
				CLANG_WARN_UNREACHABLE_CODE = YES;
				CLANG_WARN__DUPLICATE_METHOD_MATCH = YES;
				COPY_PHASE_STRIP = NO;
				DEBUG_INFORMATION_FORMAT = "dwarf-with-dsym";
				ENABLE_NS_ASSERTIONS = NO;
				ENABLE_STRICT_OBJC_MSGSEND = YES;
				GCC_C_LANGUAGE_STANDARD = gnu11;
				GCC_NO_COMMON_BLOCKS = YES;
				GCC_WARN_64_TO_32_BIT_CONVERSION = YES;
				GCC_WARN_ABOUT_RETURN_TYPE = YES_ERROR;
				GCC_WARN_UNDECLARED_SELECTOR = YES;
				GCC_WARN_UNINITIALIZED_AUTOS = YES_AGGRESSIVE;
				GCC_WARN_UNUSED_FUNCTION = YES;
				GCC_WARN_UNUSED_VARIABLE = YES;
				IPHONEOS_DEPLOYMENT_TARGET = 16.1;
				MTL_ENABLE_DEBUG_INFO = NO;
				MTL_FAST_MATH = YES;
				SDKROOT = iphoneos;
				SWIFT_COMPILATION_MODE = wholemodule;
				SWIFT_OPTIMIZATION_LEVEL = "-O";
				VALIDATE_PRODUCT = YES;
			};
			name = Release;
		};
		84E892312990DC840097E222 /* Debug */ = {
			isa = XCBuildConfiguration;
			buildSettings = {
				ASSETCATALOG_COMPILER_APPICON_NAME = AppIcon;
				ASSETCATALOG_COMPILER_GLOBAL_ACCENT_COLOR_NAME = AccentColor;
				CODE_SIGN_STYLE = Automatic;
				CURRENT_PROJECT_VERSION = 1;
				DEVELOPMENT_TEAM = 649V4PDHB3;
				GENERATE_INFOPLIST_FILE = YES;
				INFOPLIST_FILE = video_player/Info.plist;
				INFOPLIST_KEY_UIApplicationSupportsIndirectInputEvents = YES;
				INFOPLIST_KEY_UILaunchStoryboardName = LaunchScreen;
				INFOPLIST_KEY_UIMainStoryboardFile = Main;
				INFOPLIST_KEY_UISupportedInterfaceOrientations_iPad = "UIInterfaceOrientationPortrait UIInterfaceOrientationPortraitUpsideDown UIInterfaceOrientationLandscapeLeft UIInterfaceOrientationLandscapeRight";
				INFOPLIST_KEY_UISupportedInterfaceOrientations_iPhone = "UIInterfaceOrientationPortrait UIInterfaceOrientationLandscapeLeft UIInterfaceOrientationLandscapeRight";
				LD_RUNPATH_SEARCH_PATHS = (
					"$(inherited)",
					"@executable_path/Frameworks",
				);
				MARKETING_VERSION = 1.0;
				PRODUCT_BUNDLE_IDENTIFIER = "ppa.video-player";
				PRODUCT_NAME = "$(TARGET_NAME)";
				SUPPORTED_PLATFORMS = "iphoneos iphonesimulator";
				SUPPORTS_MACCATALYST = NO;
				SUPPORTS_MAC_DESIGNED_FOR_IPHONE_IPAD = NO;
				SWIFT_EMIT_LOC_STRINGS = YES;
				SWIFT_VERSION = 5.0;
				TARGETED_DEVICE_FAMILY = 1;
			};
			name = Debug;
		};
		84E892322990DC840097E222 /* Release */ = {
			isa = XCBuildConfiguration;
			buildSettings = {
				ASSETCATALOG_COMPILER_APPICON_NAME = AppIcon;
				ASSETCATALOG_COMPILER_GLOBAL_ACCENT_COLOR_NAME = AccentColor;
				CODE_SIGN_STYLE = Automatic;
				CURRENT_PROJECT_VERSION = 1;
				DEVELOPMENT_TEAM = 649V4PDHB3;
				GENERATE_INFOPLIST_FILE = YES;
				INFOPLIST_FILE = video_player/Info.plist;
				INFOPLIST_KEY_UIApplicationSupportsIndirectInputEvents = YES;
				INFOPLIST_KEY_UILaunchStoryboardName = LaunchScreen;
				INFOPLIST_KEY_UIMainStoryboardFile = Main;
				INFOPLIST_KEY_UISupportedInterfaceOrientations_iPad = "UIInterfaceOrientationPortrait UIInterfaceOrientationPortraitUpsideDown UIInterfaceOrientationLandscapeLeft UIInterfaceOrientationLandscapeRight";
				INFOPLIST_KEY_UISupportedInterfaceOrientations_iPhone = "UIInterfaceOrientationPortrait UIInterfaceOrientationLandscapeLeft UIInterfaceOrientationLandscapeRight";
				LD_RUNPATH_SEARCH_PATHS = (
					"$(inherited)",
					"@executable_path/Frameworks",
				);
				MARKETING_VERSION = 1.0;
				PRODUCT_BUNDLE_IDENTIFIER = "ppa.video-player";
				PRODUCT_NAME = "$(TARGET_NAME)";
				SUPPORTED_PLATFORMS = "iphoneos iphonesimulator";
				SUPPORTS_MACCATALYST = NO;
				SUPPORTS_MAC_DESIGNED_FOR_IPHONE_IPAD = NO;
				SWIFT_EMIT_LOC_STRINGS = YES;
				SWIFT_VERSION = 5.0;
				TARGETED_DEVICE_FAMILY = 1;
			};
			name = Release;
		};
		84E892342990DC840097E222 /* Debug */ = {
			isa = XCBuildConfiguration;
			buildSettings = {
				ALWAYS_EMBED_SWIFT_STANDARD_LIBRARIES = YES;
				BUNDLE_LOADER = "$(TEST_HOST)";
				CODE_SIGN_STYLE = Automatic;
				CURRENT_PROJECT_VERSION = 1;
				DEVELOPMENT_TEAM = 649V4PDHB3;
				GENERATE_INFOPLIST_FILE = YES;
				IPHONEOS_DEPLOYMENT_TARGET = 16.1;
				MARKETING_VERSION = 1.0;
				PRODUCT_BUNDLE_IDENTIFIER = "ppa.video-playerTests";
				PRODUCT_NAME = "$(TARGET_NAME)";
				SWIFT_EMIT_LOC_STRINGS = NO;
				SWIFT_VERSION = 5.0;
				TARGETED_DEVICE_FAMILY = "1,2";
				TEST_HOST = "$(BUILT_PRODUCTS_DIR)/video_player.app/$(BUNDLE_EXECUTABLE_FOLDER_PATH)/video_player";
			};
			name = Debug;
		};
		84E892352990DC840097E222 /* Release */ = {
			isa = XCBuildConfiguration;
			buildSettings = {
				ALWAYS_EMBED_SWIFT_STANDARD_LIBRARIES = YES;
				BUNDLE_LOADER = "$(TEST_HOST)";
				CODE_SIGN_STYLE = Automatic;
				CURRENT_PROJECT_VERSION = 1;
				DEVELOPMENT_TEAM = 649V4PDHB3;
				GENERATE_INFOPLIST_FILE = YES;
				IPHONEOS_DEPLOYMENT_TARGET = 16.1;
				MARKETING_VERSION = 1.0;
				PRODUCT_BUNDLE_IDENTIFIER = "ppa.video-playerTests";
				PRODUCT_NAME = "$(TARGET_NAME)";
				SWIFT_EMIT_LOC_STRINGS = NO;
				SWIFT_VERSION = 5.0;
				TARGETED_DEVICE_FAMILY = "1,2";
				TEST_HOST = "$(BUILT_PRODUCTS_DIR)/video_player.app/$(BUNDLE_EXECUTABLE_FOLDER_PATH)/video_player";
			};
			name = Release;
		};
		84E892372990DC840097E222 /* Debug */ = {
			isa = XCBuildConfiguration;
			buildSettings = {
				ALWAYS_EMBED_SWIFT_STANDARD_LIBRARIES = YES;
				CODE_SIGN_STYLE = Automatic;
				CURRENT_PROJECT_VERSION = 1;
				DEVELOPMENT_TEAM = 649V4PDHB3;
				GENERATE_INFOPLIST_FILE = YES;
				MARKETING_VERSION = 1.0;
				PRODUCT_BUNDLE_IDENTIFIER = "ppa.video-playerUITests";
				PRODUCT_NAME = "$(TARGET_NAME)";
				SWIFT_EMIT_LOC_STRINGS = NO;
				SWIFT_VERSION = 5.0;
				TARGETED_DEVICE_FAMILY = "1,2";
				TEST_TARGET_NAME = video_player;
			};
			name = Debug;
		};
		84E892382990DC840097E222 /* Release */ = {
			isa = XCBuildConfiguration;
			buildSettings = {
				ALWAYS_EMBED_SWIFT_STANDARD_LIBRARIES = YES;
				CODE_SIGN_STYLE = Automatic;
				CURRENT_PROJECT_VERSION = 1;
				DEVELOPMENT_TEAM = 649V4PDHB3;
				GENERATE_INFOPLIST_FILE = YES;
				MARKETING_VERSION = 1.0;
				PRODUCT_BUNDLE_IDENTIFIER = "ppa.video-playerUITests";
				PRODUCT_NAME = "$(TARGET_NAME)";
				SWIFT_EMIT_LOC_STRINGS = NO;
				SWIFT_VERSION = 5.0;
				TARGETED_DEVICE_FAMILY = "1,2";
				TEST_TARGET_NAME = video_player;
			};
			name = Release;
		};
/* End XCBuildConfiguration section */

/* Begin XCConfigurationList section */
		84E892012990DC830097E222 /* Build configuration list for PBXProject "video_player" */ = {
			isa = XCConfigurationList;
			buildConfigurations = (
				84E8922E2990DC840097E222 /* Debug */,
				84E8922F2990DC840097E222 /* Release */,
			);
			defaultConfigurationIsVisible = 0;
			defaultConfigurationName = Release;
		};
		84E892302990DC840097E222 /* Build configuration list for PBXNativeTarget "video_player" */ = {
			isa = XCConfigurationList;
			buildConfigurations = (
				84E892312990DC840097E222 /* Debug */,
				84E892322990DC840097E222 /* Release */,
			);
			defaultConfigurationIsVisible = 0;
			defaultConfigurationName = Release;
		};
		84E892332990DC840097E222 /* Build configuration list for PBXNativeTarget "video_playerTests" */ = {
			isa = XCConfigurationList;
			buildConfigurations = (
				84E892342990DC840097E222 /* Debug */,
				84E892352990DC840097E222 /* Release */,
			);
			defaultConfigurationIsVisible = 0;
			defaultConfigurationName = Release;
		};
		84E892362990DC840097E222 /* Build configuration list for PBXNativeTarget "video_playerUITests" */ = {
			isa = XCConfigurationList;
			buildConfigurations = (
				84E892372990DC840097E222 /* Debug */,
				84E892382990DC840097E222 /* Release */,
			);
			defaultConfigurationIsVisible = 0;
			defaultConfigurationName = Release;
		};
/* End XCConfigurationList section */
	};
	rootObject = 84E891FE2990DC830097E222 /* Project object */;
}
